
Microsoft Visual Studio Solution File, Format Version 12.00
# Visual Studio Version 16
VisualStudioVersion = 16.0.29215.179
MinimumVisualStudioVersion = 10.0.40219.1
Project("{9A19103F-16F7-4668-BE54-9A1E7A4F7556}") = "Contonso.API.Web", "Contonso.API.Web\Contonso.API.Web.csproj", "{FE982026-54D9-43C7-BEE4-1078D8C7C22F}"
EndProject
Project("{9A19103F-16F7-4668-BE54-9A1E7A4F7556}") = "Contonso.API.Entities", "Contonso.API.Entities\Contonso.API.Entities.csproj", "{892C4B26-4AEF-4408-AEF7-ED6D962CA69C}"
EndProject
Project("{9A19103F-16F7-4668-BE54-9A1E7A4F7556}") = "Contonso.API.Data", "Contonso.API.Data\Contonso.API.Data.csproj", "{BE10B7A9-51AD-49C3-9B1F-A5F24A769E5D}"
EndProject
Project("{9A19103F-16F7-4668-BE54-9A1E7A4F7556}") = "Contonso.API.Services", "Contonso.API.Services\Contonso.API.Services.csproj", "{7B4157D5-2CFE-4010-A096-7301886BE415}"
EndProject
Project("{2150E333-8FDC-42A3-9474-1A3956D46DE8}") = "Solution Items", "Solution Items", "{D0F99AD5-E9F7-44EB-B6C0-36A5EB87B63D}"
	ProjectSection(SolutionItems) = preProject
		.travis.yml = .travis.yml
	EndProjectSection
EndProject
Project("{FAE04EC0-301F-11D3-BF4B-00C04F79EFBC}") = "Contonso.API.Common", "Contonso.API.Common\Contonso.API.Common.csproj", "{5141177A-CC01-4F4A-B02A-861A5C78362D}"
EndProject
Global
	GlobalSection(SolutionConfigurationPlatforms) = preSolution
		Debug|Any CPU = Debug|Any CPU
		Release|Any CPU = Release|Any CPU
	EndGlobalSection
	GlobalSection(ProjectConfigurationPlatforms) = postSolution
		{FE982026-54D9-43C7-BEE4-1078D8C7C22F}.Debug|Any CPU.ActiveCfg = Debug|Any CPU
		{FE982026-54D9-43C7-BEE4-1078D8C7C22F}.Debug|Any CPU.Build.0 = Debug|Any CPU
		{FE982026-54D9-43C7-BEE4-1078D8C7C22F}.Release|Any CPU.ActiveCfg = Release|Any CPU
		{FE982026-54D9-43C7-BEE4-1078D8C7C22F}.Release|Any CPU.Build.0 = Release|Any CPU
		{892C4B26-4AEF-4408-AEF7-ED6D962CA69C}.Debug|Any CPU.ActiveCfg = Debug|Any CPU
		{892C4B26-4AEF-4408-AEF7-ED6D962CA69C}.Debug|Any CPU.Build.0 = Debug|Any CPU
		{892C4B26-4AEF-4408-AEF7-ED6D962CA69C}.Release|Any CPU.ActiveCfg = Release|Any CPU
		{892C4B26-4AEF-4408-AEF7-ED6D962CA69C}.Release|Any CPU.Build.0 = Release|Any CPU
		{BE10B7A9-51AD-49C3-9B1F-A5F24A769E5D}.Debug|Any CPU.ActiveCfg = Debug|Any CPU
		{BE10B7A9-51AD-49C3-9B1F-A5F24A769E5D}.Debug|Any CPU.Build.0 = Debug|Any CPU
		{BE10B7A9-51AD-49C3-9B1F-A5F24A769E5D}.Release|Any CPU.ActiveCfg = Release|Any CPU
		{BE10B7A9-51AD-49C3-9B1F-A5F24A769E5D}.Release|Any CPU.Build.0 = Release|Any CPU
		{7B4157D5-2CFE-4010-A096-7301886BE415}.Debug|Any CPU.ActiveCfg = Debug|Any CPU
		{7B4157D5-2CFE-4010-A096-7301886BE415}.Debug|Any CPU.Build.0 = Debug|Any CPU
		{7B4157D5-2CFE-4010-A096-7301886BE415}.Release|Any CPU.ActiveCfg = Release|Any CPU
		{7B4157D5-2CFE-4010-A096-7301886BE415}.Release|Any CPU.Build.0 = Release|Any CPU
		{5141177A-CC01-4F4A-B02A-861A5C78362D}.Debug|Any CPU.ActiveCfg = Debug|Any CPU
		{5141177A-CC01-4F4A-B02A-861A5C78362D}.Debug|Any CPU.Build.0 = Debug|Any CPU
		{5141177A-CC01-4F4A-B02A-861A5C78362D}.Release|Any CPU.ActiveCfg = Release|Any CPU
		{5141177A-CC01-4F4A-B02A-861A5C78362D}.Release|Any CPU.Build.0 = Release|Any CPU
	EndGlobalSection
	GlobalSection(SolutionProperties) = preSolution
		HideSolutionNode = FALSE
	EndGlobalSection
	GlobalSection(ExtensibilityGlobals) = postSolution
		SolutionGuid = {47CCE12E-ED3B-4EFF-84A4-6E4021D69D57}
	EndGlobalSection
EndGlobal
