
Microsoft Visual Studio Solution File, Format Version 12.00
Project("{FAE04EC0-301F-11D3-BF4B-00C04F79EFBC}") = "Contonso.SampleApi.Web", "Contonso.SampleApi.Web\Contonso.SampleApi.Web.csproj", "{958CB274-7021-48E4-A029-F553614AF3EA}"
EndProject
Project("{FAE04EC0-301F-11D3-BF4B-00C04F79EFBC}") = "Contonso.SampleApi.Domain", "Contonso.SampleApi.Domain\Contonso.SampleApi.Domain.csproj", "{E3B4722D-F01B-42F0-808F-8F591124D839}"
EndProject
Project("{FAE04EC0-301F-11D3-BF4B-00C04F79EFBC}") = "Contonso.SampleApi.Application", "Contonso.SampleApi.Application\Contonso.SampleApi.Application.csproj", "{AC3F0013-1260-4A1F-B090-6D9C42EAF881}"
EndProject
Project("{FAE04EC0-301F-11D3-BF4B-00C04F79EFBC}") = "Contonso.SampleApi.Infrastructure", "Contonso.SampleApi.Infrastructure\Contonso.SampleApi.Infrastructure.csproj", "{1C232650-5282-4597-A407-17F79800A203}"
EndProject
Project("{FAE04EC0-301F-11D3-BF4B-00C04F79EFBC}") = "Contonso.SampleApi.Tests", "Contonso.SampleApi.Tests\Contonso.SampleApi.Tests.csproj", "{34B35837-0B6B-4A87-8F32-5FD55A884CD6}"
EndProject
Project("{FAE04EC0-301F-11D3-BF4B-00C04F79EFBC}") = "Contonso.SampleApi.Tests.Performance", "Contonso.SampleApi.Tests.Performance\Contonso.SampleApi.Tests.Performance.csproj", "{E222A361-B59B-4441-953E-0500C99044C8}"
EndProject
Global
	GlobalSection(SolutionConfigurationPlatforms) = preSolution
		Debug|Any CPU = Debug|Any CPU
		Release|Any CPU = Release|Any CPU
	EndGlobalSection
	GlobalSection(ProjectConfigurationPlatforms) = postSolution
		{958CB274-7021-48E4-A029-F553614AF3EA}.Debug|Any CPU.ActiveCfg = Debug|Any CPU
		{958CB274-7021-48E4-A029-F553614AF3EA}.Debug|Any CPU.Build.0 = Debug|Any CPU
		{958CB274-7021-48E4-A029-F553614AF3EA}.Release|Any CPU.ActiveCfg = Release|Any CPU
		{958CB274-7021-48E4-A029-F553614AF3EA}.Release|Any CPU.Build.0 = Release|Any CPU
		{E3B4722D-F01B-42F0-808F-8F591124D839}.Debug|Any CPU.ActiveCfg = Debug|Any CPU
		{E3B4722D-F01B-42F0-808F-8F591124D839}.Debug|Any CPU.Build.0 = Debug|Any CPU
		{E3B4722D-F01B-42F0-808F-8F591124D839}.Release|Any CPU.ActiveCfg = Release|Any CPU
		{E3B4722D-F01B-42F0-808F-8F591124D839}.Release|Any CPU.Build.0 = Release|Any CPU
		{AC3F0013-1260-4A1F-B090-6D9C42EAF881}.Debug|Any CPU.ActiveCfg = Debug|Any CPU
		{AC3F0013-1260-4A1F-B090-6D9C42EAF881}.Debug|Any CPU.Build.0 = Debug|Any CPU
		{AC3F0013-1260-4A1F-B090-6D9C42EAF881}.Release|Any CPU.ActiveCfg = Release|Any CPU
		{AC3F0013-1260-4A1F-B090-6D9C42EAF881}.Release|Any CPU.Build.0 = Release|Any CPU
		{1C232650-5282-4597-A407-17F79800A203}.Debug|Any CPU.ActiveCfg = Debug|Any CPU
		{1C232650-5282-4597-A407-17F79800A203}.Debug|Any CPU.Build.0 = Debug|Any CPU
		{1C232650-5282-4597-A407-17F79800A203}.Release|Any CPU.ActiveCfg = Release|Any CPU
		{1C232650-5282-4597-A407-17F79800A203}.Release|Any CPU.Build.0 = Release|Any CPU
		{34B35837-0B6B-4A87-8F32-5FD55A884CD6}.Debug|Any CPU.ActiveCfg = Debug|Any CPU
		{34B35837-0B6B-4A87-8F32-5FD55A884CD6}.Debug|Any CPU.Build.0 = Debug|Any CPU
		{34B35837-0B6B-4A87-8F32-5FD55A884CD6}.Release|Any CPU.ActiveCfg = Release|Any CPU
		{34B35837-0B6B-4A87-8F32-5FD55A884CD6}.Release|Any CPU.Build.0 = Release|Any CPU
		{E222A361-B59B-4441-953E-0500C99044C8}.Debug|Any CPU.ActiveCfg = Debug|Any CPU
		{E222A361-B59B-4441-953E-0500C99044C8}.Debug|Any CPU.Build.0 = Debug|Any CPU
		{E222A361-B59B-4441-953E-0500C99044C8}.Release|Any CPU.ActiveCfg = Release|Any CPU
		{E222A361-B59B-4441-953E-0500C99044C8}.Release|Any CPU.Build.0 = Release|Any CPU
	EndGlobalSection
EndGlobal
